
Microsoft Visual Studio Solution File, Format Version 12.00
# Visual Studio Version 17
VisualStudioVersion = 17.14.36414.22 d17.14
MinimumVisualStudioVersion = 10.0.40219.1
Project("{FAE04EC0-301F-11D3-BF4B-00C04F79EFBC}") = "TRANG GIỚI THIỆU", "TRANG GIỚI THIỆU.csproj", "{49BFBF33-61D5-488E-857B-61D81CA8632A}"
EndProject
Global
	GlobalSection(SolutionConfigurationPlatforms) = preSolution
		Debug|Any CPU = Debug|Any CPU
		Release|Any CPU = Release|Any CPU
	EndGlobalSection
	GlobalSection(ProjectConfigurationPlatforms) = postSolution
		{49BFBF33-61D5-488E-857B-61D81CA8632A}.Debug|Any CPU.ActiveCfg = Debug|Any CPU
		{49BFBF33-61D5-488E-857B-61D81CA8632A}.Debug|Any CPU.Build.0 = Debug|Any CPU
		{49BFBF33-61D5-488E-857B-61D81CA8632A}.Release|Any CPU.ActiveCfg = Release|Any CPU
		{49BFBF33-61D5-488E-857B-61D81CA8632A}.Release|Any CPU.Build.0 = Release|Any CPU
	EndGlobalSection
	GlobalSection(SolutionProperties) = preSolution
		HideSolutionNode = FALSE
	EndGlobalSection
	GlobalSection(ExtensibilityGlobals) = postSolution
		SolutionGuid = {525D7BB3-F60C-4B5C-9E41-AFEE2AD5E8A2}
	EndGlobalSection
EndGlobal
