
Microsoft Visual Studio Solution File, Format Version 12.00
# Visual Studio Version 17
VisualStudioVersion = 17.14.36429.23 d17.14
MinimumVisualStudioVersion = 10.0.40219.1
Project("{FAE04EC0-301F-11D3-BF4B-00C04F79EFBC}") = "Quên mật khẩu3", "Quên mật khẩu3\Quên mật khẩu3.csproj", "{FBE1D01D-E04A-4BA6-8A2B-BB5743535029}"
EndProject
Global
	GlobalSection(SolutionConfigurationPlatforms) = preSolution
		Debug|Any CPU = Debug|Any CPU
		Release|Any CPU = Release|Any CPU
	EndGlobalSection
	GlobalSection(ProjectConfigurationPlatforms) = postSolution
		{FBE1D01D-E04A-4BA6-8A2B-BB5743535029}.Debug|Any CPU.ActiveCfg = Debug|Any CPU
		{FBE1D01D-E04A-4BA6-8A2B-BB5743535029}.Debug|Any CPU.Build.0 = Debug|Any CPU
		{FBE1D01D-E04A-4BA6-8A2B-BB5743535029}.Release|Any CPU.ActiveCfg = Release|Any CPU
		{FBE1D01D-E04A-4BA6-8A2B-BB5743535029}.Release|Any CPU.Build.0 = Release|Any CPU
	EndGlobalSection
	GlobalSection(SolutionProperties) = preSolution
		HideSolutionNode = FALSE
	EndGlobalSection
	GlobalSection(ExtensibilityGlobals) = postSolution
		SolutionGuid = {21D3CD49-4B5C-40C5-824B-369F200735A9}
	EndGlobalSection
EndGlobal
